// !$*UTF8*$!
{
	archiveVersion = 1;
	classes = {
	};
	objectVersion = 48;
	objects = {

/* Begin PBXBuildFile section */
		DF57AD17203CE943009F84BC /* AppDelegate.swift in Sources */ = {isa = PBXBuildFile; fileRef = DF57AD16203CE943009F84BC /* AppDelegate.swift */; };
		DF57AD19203CE943009F84BC /* ViewController.swift in Sources */ = {isa = PBXBuildFile; fileRef = DF57AD18203CE943009F84BC /* ViewController.swift */; };
		DF57AD1C203CE943009F84BC /* Main.storyboard in Resources */ = {isa = PBXBuildFile; fileRef = DF57AD1A203CE943009F84BC /* Main.storyboard */; };
		DF57AD1E203CE943009F84BC /* Assets.xcassets in Resources */ = {isa = PBXBuildFile; fileRef = DF57AD1D203CE943009F84BC /* Assets.xcassets */; };
		DF57AD21203CE943009F84BC /* LaunchScreen.storyboard in Resources */ = {isa = PBXBuildFile; fileRef = DF57AD1F203CE943009F84BC /* LaunchScreen.storyboard */; };
		DF57AD2C203CE943009F84BC /* BMI_CalculatorTests.swift in Sources */ = {isa = PBXBuildFile; fileRef = DF57AD2B203CE943009F84BC /* BMI_CalculatorTests.swift */; };
		DF57AD37203CE943009F84BC /* BMI_CalculatorUITests.swift in Sources */ = {isa = PBXBuildFile; fileRef = DF57AD36203CE943009F84BC /* BMI_CalculatorUITests.swift */; };
		DF57AD45203DDB41009F84BC /* BMI.swift in Sources */ = {isa = PBXBuildFile; fileRef = DF57AD44203DDB41009F84BC /* BMI.swift */; };
/* End PBXBuildFile section */

/* Begin PBXContainerItemProxy section */
		DF57AD28203CE943009F84BC /* PBXContainerItemProxy */ = {
			isa = PBXContainerItemProxy;
			containerPortal = DF57AD0B203CE943009F84BC /* Project object */;
			proxyType = 1;
			remoteGlobalIDString = DF57AD12203CE943009F84BC;
			remoteInfo = "BMI Calculator";
		};
		DF57AD33203CE943009F84BC /* PBXContainerItemProxy */ = {
			isa = PBXContainerItemProxy;
			containerPortal = DF57AD0B203CE943009F84BC /* Project object */;
			proxyType = 1;
			remoteGlobalIDString = DF57AD12203CE943009F84BC;
			remoteInfo = "BMI Calculator";
		};
/* End PBXContainerItemProxy section */

/* Begin PBXFileReference section */
		DF57AD13203CE943009F84BC /* BMI Calculator.app */ = {isa = PBXFileReference; explicitFileType = wrapper.application; includeInIndex = 0; path = "BMI Calculator.app"; sourceTree = BUILT_PRODUCTS_DIR; };
		DF57AD16203CE943009F84BC /* AppDelegate.swift */ = {isa = PBXFileReference; lastKnownFileType = sourcecode.swift; path = AppDelegate.swift; sourceTree = "<group>"; };
		DF57AD18203CE943009F84BC /* ViewController.swift */ = {isa = PBXFileReference; lastKnownFileType = sourcecode.swift; path = ViewController.swift; sourceTree = "<group>"; };
		DF57AD1B203CE943009F84BC /* Base */ = {isa = PBXFileReference; lastKnownFileType = file.storyboard; name = Base; path = Base.lproj/Main.storyboard; sourceTree = "<group>"; };
		DF57AD1D203CE943009F84BC /* Assets.xcassets */ = {isa = PBXFileReference; lastKnownFileType = folder.assetcatalog; path = Assets.xcassets; sourceTree = "<group>"; };
		DF57AD20203CE943009F84BC /* Base */ = {isa = PBXFileReference; lastKnownFileType = file.storyboard; name = Base; path = Base.lproj/LaunchScreen.storyboard; sourceTree = "<group>"; };
		DF57AD22203CE943009F84BC /* Info.plist */ = {isa = PBXFileReference; lastKnownFileType = text.plist.xml; path = Info.plist; sourceTree = "<group>"; };
		DF57AD27203CE943009F84BC /* BMI CalculatorTests.xctest */ = {isa = PBXFileReference; explicitFileType = wrapper.cfbundle; includeInIndex = 0; path = "BMI CalculatorTests.xctest"; sourceTree = BUILT_PRODUCTS_DIR; };
		DF57AD2B203CE943009F84BC /* BMI_CalculatorTests.swift */ = {isa = PBXFileReference; lastKnownFileType = sourcecode.swift; path = BMI_CalculatorTests.swift; sourceTree = "<group>"; };
		DF57AD2D203CE943009F84BC /* Info.plist */ = {isa = PBXFileReference; lastKnownFileType = text.plist.xml; path = Info.plist; sourceTree = "<group>"; };
		DF57AD32203CE943009F84BC /* BMI CalculatorUITests.xctest */ = {isa = PBXFileReference; explicitFileType = wrapper.cfbundle; includeInIndex = 0; path = "BMI CalculatorUITests.xctest"; sourceTree = BUILT_PRODUCTS_DIR; };
		DF57AD36203CE943009F84BC /* BMI_CalculatorUITests.swift */ = {isa = PBXFileReference; lastKnownFileType = sourcecode.swift; path = BMI_CalculatorUITests.swift; sourceTree = "<group>"; };
		DF57AD38203CE943009F84BC /* Info.plist */ = {isa = PBXFileReference; lastKnownFileType = text.plist.xml; path = Info.plist; sourceTree = "<group>"; };
		DF57AD44203DDB41009F84BC /* BMI.swift */ = {isa = PBXFileReference; lastKnownFileType = sourcecode.swift; path = BMI.swift; sourceTree = "<group>"; };
/* End PBXFileReference section */

/* Begin PBXFrameworksBuildPhase section */
		DF57AD10203CE943009F84BC /* Frameworks */ = {
			isa = PBXFrameworksBuildPhase;
			buildActionMask = 2147483647;
			files = (
			);
			runOnlyForDeploymentPostprocessing = 0;
		};
		DF57AD24203CE943009F84BC /* Frameworks */ = {
			isa = PBXFrameworksBuildPhase;
			buildActionMask = 2147483647;
			files = (
			);
			runOnlyForDeploymentPostprocessing = 0;
		};
		DF57AD2F203CE943009F84BC /* Frameworks */ = {
			isa = PBXFrameworksBuildPhase;
			buildActionMask = 2147483647;
			files = (
			);
			runOnlyForDeploymentPostprocessing = 0;
		};
/* End PBXFrameworksBuildPhase section */

/* Begin PBXGroup section */
		DF57AD0A203CE943009F84BC = {
			isa = PBXGroup;
			children = (
				DF57AD15203CE943009F84BC /* BMI Calculator */,
				DF57AD2A203CE943009F84BC /* BMI CalculatorTests */,
				DF57AD35203CE943009F84BC /* BMI CalculatorUITests */,
				DF57AD14203CE943009F84BC /* Products */,
			);
			sourceTree = "<group>";
		};
		DF57AD14203CE943009F84BC /* Products */ = {
			isa = PBXGroup;
			children = (
				DF57AD13203CE943009F84BC /* BMI Calculator.app */,
				DF57AD27203CE943009F84BC /* BMI CalculatorTests.xctest */,
				DF57AD32203CE943009F84BC /* BMI CalculatorUITests.xctest */,
			);
			name = Products;
			sourceTree = "<group>";
		};
		DF57AD15203CE943009F84BC /* BMI Calculator */ = {
			isa = PBXGroup;
			children = (
				DF57AD16203CE943009F84BC /* AppDelegate.swift */,
				DF57AD18203CE943009F84BC /* ViewController.swift */,
				DF57AD1A203CE943009F84BC /* Main.storyboard */,
				DF57AD44203DDB41009F84BC /* BMI.swift */,
				DF57AD1D203CE943009F84BC /* Assets.xcassets */,
				DF57AD1F203CE943009F84BC /* LaunchScreen.storyboard */,
				DF57AD22203CE943009F84BC /* Info.plist */,
			);
			path = "BMI Calculator";
			sourceTree = "<group>";
		};
		DF57AD2A203CE943009F84BC /* BMI CalculatorTests */ = {
			isa = PBXGroup;
			children = (
				DF57AD2B203CE943009F84BC /* BMI_CalculatorTests.swift */,
				DF57AD2D203CE943009F84BC /* Info.plist */,
			);
			path = "BMI CalculatorTests";
			sourceTree = "<group>";
		};
		DF57AD35203CE943009F84BC /* BMI CalculatorUITests */ = {
			isa = PBXGroup;
			children = (
				DF57AD36203CE943009F84BC /* BMI_CalculatorUITests.swift */,
				DF57AD38203CE943009F84BC /* Info.plist */,
			);
			path = "BMI CalculatorUITests";
			sourceTree = "<group>";
		};
/* End PBXGroup section */

/* Begin PBXNativeTarget section */
		DF57AD12203CE943009F84BC /* BMI Calculator */ = {
			isa = PBXNativeTarget;
			buildConfigurationList = DF57AD3B203CE943009F84BC /* Build configuration list for PBXNativeTarget "BMI Calculator" */;
			buildPhases = (
				DF57AD0F203CE943009F84BC /* Sources */,
				DF57AD10203CE943009F84BC /* Frameworks */,
				DF57AD11203CE943009F84BC /* Resources */,
			);
			buildRules = (
			);
			dependencies = (
			);
			name = "BMI Calculator";
			productName = "BMI Calculator";
			productReference = DF57AD13203CE943009F84BC /* BMI Calculator.app */;
			productType = "com.apple.product-type.application";
		};
		DF57AD26203CE943009F84BC /* BMI CalculatorTests */ = {
			isa = PBXNativeTarget;
			buildConfigurationList = DF57AD3E203CE943009F84BC /* Build configuration list for PBXNativeTarget "BMI CalculatorTests" */;
			buildPhases = (
				DF57AD23203CE943009F84BC /* Sources */,
				DF57AD24203CE943009F84BC /* Frameworks */,
				DF57AD25203CE943009F84BC /* Resources */,
			);
			buildRules = (
			);
			dependencies = (
				DF57AD29203CE943009F84BC /* PBXTargetDependency */,
			);
			name = "BMI CalculatorTests";
			productName = "BMI CalculatorTests";
			productReference = DF57AD27203CE943009F84BC /* BMI CalculatorTests.xctest */;
			productType = "com.apple.product-type.bundle.unit-test";
		};
		DF57AD31203CE943009F84BC /* BMI CalculatorUITests */ = {
			isa = PBXNativeTarget;
			buildConfigurationList = DF57AD41203CE943009F84BC /* Build configuration list for PBXNativeTarget "BMI CalculatorUITests" */;
			buildPhases = (
				DF57AD2E203CE943009F84BC /* Sources */,
				DF57AD2F203CE943009F84BC /* Frameworks */,
				DF57AD30203CE943009F84BC /* Resources */,
			);
			buildRules = (
			);
			dependencies = (
				DF57AD34203CE943009F84BC /* PBXTargetDependency */,
			);
			name = "BMI CalculatorUITests";
			productName = "BMI CalculatorUITests";
			productReference = DF57AD32203CE943009F84BC /* BMI CalculatorUITests.xctest */;
			productType = "com.apple.product-type.bundle.ui-testing";
		};
/* End PBXNativeTarget section */

/* Begin PBXProject section */
		DF57AD0B203CE943009F84BC /* Project object */ = {
			isa = PBXProject;
			attributes = {
				LastSwiftUpdateCheck = 0920;
				LastUpgradeCheck = 0920;
				ORGANIZATIONNAME = "Blueoceandrop Inc";
				TargetAttributes = {
					DF57AD12203CE943009F84BC = {
						CreatedOnToolsVersion = 9.2;
						ProvisioningStyle = Automatic;
					};
					DF57AD26203CE943009F84BC = {
						CreatedOnToolsVersion = 9.2;
						ProvisioningStyle = Automatic;
						TestTargetID = DF57AD12203CE943009F84BC;
					};
					DF57AD31203CE943009F84BC = {
						CreatedOnToolsVersion = 9.2;
						ProvisioningStyle = Automatic;
						TestTargetID = DF57AD12203CE943009F84BC;
					};
				};
			};
			buildConfigurationList = DF57AD0E203CE943009F84BC /* Build configuration list for PBXProject "BMI Calculator" */;
			compatibilityVersion = "Xcode 8.0";
			developmentRegion = en;
			hasScannedForEncodings = 0;
			knownRegions = (
				en,
				Base,
			);
			mainGroup = DF57AD0A203CE943009F84BC;
			productRefGroup = DF57AD14203CE943009F84BC /* Products */;
			projectDirPath = "";
			projectRoot = "";
			targets = (
				DF57AD12203CE943009F84BC /* BMI Calculator */,
				DF57AD26203CE943009F84BC /* BMI CalculatorTests */,
				DF57AD31203CE943009F84BC /* BMI CalculatorUITests */,
			);
		};
/* End PBXProject section */

/* Begin PBXResourcesBuildPhase section */
		DF57AD11203CE943009F84BC /* Resources */ = {
			isa = PBXResourcesBuildPhase;
			buildActionMask = 2147483647;
			files = (
				DF57AD21203CE943009F84BC /* LaunchScreen.storyboard in Resources */,
				DF57AD1E203CE943009F84BC /* Assets.xcassets in Resources */,
				DF57AD1C203CE943009F84BC /* Main.storyboard in Resources */,
			);
			runOnlyForDeploymentPostprocessing = 0;
		};
		DF57AD25203CE943009F84BC /* Resources */ = {
			isa = PBXResourcesBuildPhase;
			buildActionMask = 2147483647;
			files = (
			);
			runOnlyForDeploymentPostprocessing = 0;
		};
		DF57AD30203CE943009F84BC /* Resources */ = {
			isa = PBXResourcesBuildPhase;
			buildActionMask = 2147483647;
			files = (
			);
			runOnlyForDeploymentPostprocessing = 0;
		};
/* End PBXResourcesBuildPhase section */

/* Begin PBXSourcesBuildPhase section */
		DF57AD0F203CE943009F84BC /* Sources */ = {
			isa = PBXSourcesBuildPhase;
			buildActionMask = 2147483647;
			files = (
				DF57AD19203CE943009F84BC /* ViewController.swift in Sources */,
				DF57AD17203CE943009F84BC /* AppDelegate.swift in Sources */,
				DF57AD45203DDB41009F84BC /* BMI.swift in Sources */,
			);
			runOnlyForDeploymentPostprocessing = 0;
		};
		DF57AD23203CE943009F84BC /* Sources */ = {
			isa = PBXSourcesBuildPhase;
			buildActionMask = 2147483647;
			files = (
				DF57AD2C203CE943009F84BC /* BMI_CalculatorTests.swift in Sources */,
			);
			runOnlyForDeploymentPostprocessing = 0;
		};
		DF57AD2E203CE943009F84BC /* Sources */ = {
			isa = PBXSourcesBuildPhase;
			buildActionMask = 2147483647;
			files = (
				DF57AD37203CE943009F84BC /* BMI_CalculatorUITests.swift in Sources */,
			);
			runOnlyForDeploymentPostprocessing = 0;
		};
/* End PBXSourcesBuildPhase section */

/* Begin PBXTargetDependency section */
		DF57AD29203CE943009F84BC /* PBXTargetDependency */ = {
			isa = PBXTargetDependency;
			target = DF57AD12203CE943009F84BC /* BMI Calculator */;
			targetProxy = DF57AD28203CE943009F84BC /* PBXContainerItemProxy */;
		};
		DF57AD34203CE943009F84BC /* PBXTargetDependency */ = {
			isa = PBXTargetDependency;
			target = DF57AD12203CE943009F84BC /* BMI Calculator */;
			targetProxy = DF57AD33203CE943009F84BC /* PBXContainerItemProxy */;
		};
/* End PBXTargetDependency section */

/* Begin PBXVariantGroup section */
		DF57AD1A203CE943009F84BC /* Main.storyboard */ = {
			isa = PBXVariantGroup;
			children = (
				DF57AD1B203CE943009F84BC /* Base */,
			);
			name = Main.storyboard;
			sourceTree = "<group>";
		};
		DF57AD1F203CE943009F84BC /* LaunchScreen.storyboard */ = {
			isa = PBXVariantGroup;
			children = (
				DF57AD20203CE943009F84BC /* Base */,
			);
			name = LaunchScreen.storyboard;
			sourceTree = "<group>";
		};
/* End PBXVariantGroup section */

/* Begin XCBuildConfiguration section */
		DF57AD39203CE943009F84BC /* Debug */ = {
			isa = XCBuildConfiguration;
			buildSettings = {
				ALWAYS_SEARCH_USER_PATHS = NO;
				CLANG_ANALYZER_NONNULL = YES;
				CLANG_ANALYZER_NUMBER_OBJECT_CONVERSION = YES_AGGRESSIVE;
				CLANG_CXX_LANGUAGE_STANDARD = "gnu++14";
				CLANG_CXX_LIBRARY = "libc++";
				CLANG_ENABLE_MODULES = YES;
				CLANG_ENABLE_OBJC_ARC = YES;
				CLANG_WARN_BLOCK_CAPTURE_AUTORELEASING = YES;
				CLANG_WARN_BOOL_CONVERSION = YES;
				CLANG_WARN_COMMA = YES;
				CLANG_WARN_CONSTANT_CONVERSION = YES;
				CLANG_WARN_DIRECT_OBJC_ISA_USAGE = YES_ERROR;
				CLANG_WARN_DOCUMENTATION_COMMENTS = YES;
				CLANG_WARN_EMPTY_BODY = YES;
				CLANG_WARN_ENUM_CONVERSION = YES;
				CLANG_WARN_INFINITE_RECURSION = YES;
				CLANG_WARN_INT_CONVERSION = YES;
				CLANG_WARN_NON_LITERAL_NULL_CONVERSION = YES;
				CLANG_WARN_OBJC_LITERAL_CONVERSION = YES;
				CLANG_WARN_OBJC_ROOT_CLASS = YES_ERROR;
				CLANG_WARN_RANGE_LOOP_ANALYSIS = YES;
				CLANG_WARN_STRICT_PROTOTYPES = YES;
				CLANG_WARN_SUSPICIOUS_MOVE = YES;
				CLANG_WARN_UNGUARDED_AVAILABILITY = YES_AGGRESSIVE;
				CLANG_WARN_UNREACHABLE_CODE = YES;
				CLANG_WARN__DUPLICATE_METHOD_MATCH = YES;
				CODE_SIGN_IDENTITY = "iPhone Developer";
				COPY_PHASE_STRIP = NO;
				DEBUG_INFORMATION_FORMAT = dwarf;
				ENABLE_STRICT_OBJC_MSGSEND = YES;
				ENABLE_TESTABILITY = YES;
				GCC_C_LANGUAGE_STANDARD = gnu11;
				GCC_DYNAMIC_NO_PIC = NO;
				GCC_NO_COMMON_BLOCKS = YES;
				GCC_OPTIMIZATION_LEVEL = 0;
				GCC_PREPROCESSOR_DEFINITIONS = (
					"DEBUG=1",
					"$(inherited)",
				);
				GCC_WARN_64_TO_32_BIT_CONVERSION = YES;
				GCC_WARN_ABOUT_RETURN_TYPE = YES_ERROR;
				GCC_WARN_UNDECLARED_SELECTOR = YES;
				GCC_WARN_UNINITIALIZED_AUTOS = YES_AGGRESSIVE;
				GCC_WARN_UNUSED_FUNCTION = YES;
				GCC_WARN_UNUSED_VARIABLE = YES;
				IPHONEOS_DEPLOYMENT_TARGET = 11.2;
				MTL_ENABLE_DEBUG_INFO = YES;
				ONLY_ACTIVE_ARCH = YES;
				SDKROOT = iphoneos;
				SWIFT_ACTIVE_COMPILATION_CONDITIONS = DEBUG;
				SWIFT_OPTIMIZATION_LEVEL = "-Onone";
			};
			name = Debug;
		};
		DF57AD3A203CE943009F84BC /* Release */ = {
			isa = XCBuildConfiguration;
			buildSettings = {
				ALWAYS_SEARCH_USER_PATHS = NO;
				CLANG_ANALYZER_NONNULL = YES;
				CLANG_ANALYZER_NUMBER_OBJECT_CONVERSION = YES_AGGRESSIVE;
				CLANG_CXX_LANGUAGE_STANDARD = "gnu++14";
				CLANG_CXX_LIBRARY = "libc++";
				CLANG_ENABLE_MODULES = YES;
				CLANG_ENABLE_OBJC_ARC = YES;
				CLANG_WARN_BLOCK_CAPTURE_AUTORELEASING = YES;
				CLANG_WARN_BOOL_CONVERSION = YES;
				CLANG_WARN_COMMA = YES;
				CLANG_WARN_CONSTANT_CONVERSION = YES;
				CLANG_WARN_DIRECT_OBJC_ISA_USAGE = YES_ERROR;
				CLANG_WARN_DOCUMENTATION_COMMENTS = YES;
				CLANG_WARN_EMPTY_BODY = YES;
				CLANG_WARN_ENUM_CONVERSION = YES;
				CLANG_WARN_INFINITE_RECURSION = YES;
				CLANG_WARN_INT_CONVERSION = YES;
				CLANG_WARN_NON_LITERAL_NULL_CONVERSION = YES;
				CLANG_WARN_OBJC_LITERAL_CONVERSION = YES;
				CLANG_WARN_OBJC_ROOT_CLASS = YES_ERROR;
				CLANG_WARN_RANGE_LOOP_ANALYSIS = YES;
				CLANG_WARN_STRICT_PROTOTYPES = YES;
				CLANG_WARN_SUSPICIOUS_MOVE = YES;
				CLANG_WARN_UNGUARDED_AVAILABILITY = YES_AGGRESSIVE;
				CLANG_WARN_UNREACHABLE_CODE = YES;
				CLANG_WARN__DUPLICATE_METHOD_MATCH = YES;
				CODE_SIGN_IDENTITY = "iPhone Developer";
				COPY_PHASE_STRIP = NO;
				DEBUG_INFORMATION_FORMAT = "dwarf-with-dsym";
				ENABLE_NS_ASSERTIONS = NO;
				ENABLE_STRICT_OBJC_MSGSEND = YES;
				GCC_C_LANGUAGE_STANDARD = gnu11;
				GCC_NO_COMMON_BLOCKS = YES;
				GCC_WARN_64_TO_32_BIT_CONVERSION = YES;
				GCC_WARN_ABOUT_RETURN_TYPE = YES_ERROR;
				GCC_WARN_UNDECLARED_SELECTOR = YES;
				GCC_WARN_UNINITIALIZED_AUTOS = YES_AGGRESSIVE;
				GCC_WARN_UNUSED_FUNCTION = YES;
				GCC_WARN_UNUSED_VARIABLE = YES;
				IPHONEOS_DEPLOYMENT_TARGET = 11.2;
				MTL_ENABLE_DEBUG_INFO = NO;
				SDKROOT = iphoneos;
				SWIFT_OPTIMIZATION_LEVEL = "-Owholemodule";
				VALIDATE_PRODUCT = YES;
			};
			name = Release;
		};
		DF57AD3C203CE943009F84BC /* Debug */ = {
			isa = XCBuildConfiguration;
			buildSettings = {
				ASSETCATALOG_COMPILER_APPICON_NAME = AppIcon;
				CODE_SIGN_STYLE = Automatic;
				DEVELOPMENT_TEAM = XS359B3NY2;
				INFOPLIST_FILE = "BMI Calculator/Info.plist";
				LD_RUNPATH_SEARCH_PATHS = "$(inherited) @executable_path/Frameworks";
				PRODUCT_BUNDLE_IDENTIFIER = "com.blueoceandrop.BMI-Calculator";
				PRODUCT_NAME = "$(TARGET_NAME)";
				SWIFT_VERSION = 4.0;
				TARGETED_DEVICE_FAMILY = "1,2";
			};
			name = Debug;
		};
		DF57AD3D203CE943009F84BC /* Release */ = {
			isa = XCBuildConfiguration;
			buildSettings = {
				ASSETCATALOG_COMPILER_APPICON_NAME = AppIcon;
				CODE_SIGN_STYLE = Automatic;
				DEVELOPMENT_TEAM = XS359B3NY2;
				INFOPLIST_FILE = "BMI Calculator/Info.plist";
				LD_RUNPATH_SEARCH_PATHS = "$(inherited) @executable_path/Frameworks";
				PRODUCT_BUNDLE_IDENTIFIER = "com.blueoceandrop.BMI-Calculator";
				PRODUCT_NAME = "$(TARGET_NAME)";
				SWIFT_VERSION = 4.0;
				TARGETED_DEVICE_FAMILY = "1,2";
			};
			name = Release;
		};
		DF57AD3F203CE943009F84BC /* Debug */ = {
			isa = XCBuildConfiguration;
			buildSettings = {
				ALWAYS_EMBED_SWIFT_STANDARD_LIBRARIES = YES;
				BUNDLE_LOADER = "$(TEST_HOST)";
				CODE_SIGN_STYLE = Automatic;
				DEVELOPMENT_TEAM = XS359B3NY2;
				INFOPLIST_FILE = "BMI CalculatorTests/Info.plist";
				LD_RUNPATH_SEARCH_PATHS = "$(inherited) @executable_path/Frameworks @loader_path/Frameworks";
				PRODUCT_BUNDLE_IDENTIFIER = "com.blueoceandrop.BMI-CalculatorTests";
				PRODUCT_NAME = "$(TARGET_NAME)";
				SWIFT_VERSION = 4.0;
				TARGETED_DEVICE_FAMILY = "1,2";
				TEST_HOST = "$(BUILT_PRODUCTS_DIR)/BMI Calculator.app/BMI Calculator";
			};
			name = Debug;
		};
		DF57AD40203CE943009F84BC /* Release */ = {
			isa = XCBuildConfiguration;
			buildSettings = {
				ALWAYS_EMBED_SWIFT_STANDARD_LIBRARIES = YES;
				BUNDLE_LOADER = "$(TEST_HOST)";
				CODE_SIGN_STYLE = Automatic;
				DEVELOPMENT_TEAM = XS359B3NY2;
				INFOPLIST_FILE = "BMI CalculatorTests/Info.plist";
				LD_RUNPATH_SEARCH_PATHS = "$(inherited) @executable_path/Frameworks @loader_path/Frameworks";
				PRODUCT_BUNDLE_IDENTIFIER = "com.blueoceandrop.BMI-CalculatorTests";
				PRODUCT_NAME = "$(TARGET_NAME)";
				SWIFT_VERSION = 4.0;
				TARGETED_DEVICE_FAMILY = "1,2";
				TEST_HOST = "$(BUILT_PRODUCTS_DIR)/BMI Calculator.app/BMI Calculator";
			};
			name = Release;
		};
		DF57AD42203CE943009F84BC /* Debug */ = {
			isa = XCBuildConfiguration;
			buildSettings = {
				ALWAYS_EMBED_SWIFT_STANDARD_LIBRARIES = YES;
				CODE_SIGN_STYLE = Automatic;
				DEVELOPMENT_TEAM = XS359B3NY2;
				INFOPLIST_FILE = "BMI CalculatorUITests/Info.plist";
				LD_RUNPATH_SEARCH_PATHS = "$(inherited) @executable_path/Frameworks @loader_path/Frameworks";
				PRODUCT_BUNDLE_IDENTIFIER = "com.blueoceandrop.BMI-CalculatorUITests";
				PRODUCT_NAME = "$(TARGET_NAME)";
				SWIFT_VERSION = 4.0;
				TARGETED_DEVICE_FAMILY = "1,2";
				TEST_TARGET_NAME = "BMI Calculator";
			};
			name = Debug;
		};
		DF57AD43203CE943009F84BC /* Release */ = {
			isa = XCBuildConfiguration;
			buildSettings = {
				ALWAYS_EMBED_SWIFT_STANDARD_LIBRARIES = YES;
				CODE_SIGN_STYLE = Automatic;
				DEVELOPMENT_TEAM = XS359B3NY2;
				INFOPLIST_FILE = "BMI CalculatorUITests/Info.plist";
				LD_RUNPATH_SEARCH_PATHS = "$(inherited) @executable_path/Frameworks @loader_path/Frameworks";
				PRODUCT_BUNDLE_IDENTIFIER = "com.blueoceandrop.BMI-CalculatorUITests";
				PRODUCT_NAME = "$(TARGET_NAME)";
				SWIFT_VERSION = 4.0;
				TARGETED_DEVICE_FAMILY = "1,2";
				TEST_TARGET_NAME = "BMI Calculator";
			};
			name = Release;
		};
/* End XCBuildConfiguration section */

/* Begin XCConfigurationList section */
		DF57AD0E203CE943009F84BC /* Build configuration list for PBXProject "BMI Calculator" */ = {
			isa = XCConfigurationList;
			buildConfigurations = (
				DF57AD39203CE943009F84BC /* Debug */,
				DF57AD3A203CE943009F84BC /* Release */,
			);
			defaultConfigurationIsVisible = 0;
			defaultConfigurationName = Release;
		};
		DF57AD3B203CE943009F84BC /* Build configuration list for PBXNativeTarget "BMI Calculator" */ = {
			isa = XCConfigurationList;
			buildConfigurations = (
				DF57AD3C203CE943009F84BC /* Debug */,
				DF57AD3D203CE943009F84BC /* Release */,
			);
			defaultConfigurationIsVisible = 0;
			defaultConfigurationName = Release;
		};
		DF57AD3E203CE943009F84BC /* Build configuration list for PBXNativeTarget "BMI CalculatorTests" */ = {
			isa = XCConfigurationList;
			buildConfigurations = (
				DF57AD3F203CE943009F84BC /* Debug */,
				DF57AD40203CE943009F84BC /* Release */,
			);
			defaultConfigurationIsVisible = 0;
			defaultConfigurationName = Release;
		};
		DF57AD41203CE943009F84BC /* Build configuration list for PBXNativeTarget "BMI CalculatorUITests" */ = {
			isa = XCConfigurationList;
			buildConfigurations = (
				DF57AD42203CE943009F84BC /* Debug */,
				DF57AD43203CE943009F84BC /* Release */,
			);
			defaultConfigurationIsVisible = 0;
			defaultConfigurationName = Release;
		};
/* End XCConfigurationList section */
	};
	rootObject = DF57AD0B203CE943009F84BC /* Project object */;
}
